
Microsoft Visual Studio Solution File, Format Version 12.00
# Visual Studio 2012
Project("{FAE04EC0-301F-11D3-BF4B-00C04F79EFBC}") = "Lab2_3 TheQuest", "Lab2_3 TheQuest\Lab2_3 TheQuest.csproj", "{C25C760E-6DB5-4DD0-AAC9-F479F73D147A}"
EndProject
Global
	GlobalSection(SolutionConfigurationPlatforms) = preSolution
		Debug|Any CPU = Debug|Any CPU
		Release|Any CPU = Release|Any CPU
	EndGlobalSection
	GlobalSection(ProjectConfigurationPlatforms) = postSolution
		{C25C760E-6DB5-4DD0-AAC9-F479F73D147A}.Debug|Any CPU.ActiveCfg = Debug|Any CPU
		{C25C760E-6DB5-4DD0-AAC9-F479F73D147A}.Debug|Any CPU.Build.0 = Debug|Any CPU
		{C25C760E-6DB5-4DD0-AAC9-F479F73D147A}.Release|Any CPU.ActiveCfg = Release|Any CPU
		{C25C760E-6DB5-4DD0-AAC9-F479F73D147A}.Release|Any CPU.Build.0 = Release|Any CPU
	EndGlobalSection
	GlobalSection(SolutionProperties) = preSolution
		HideSolutionNode = FALSE
	EndGlobalSection
EndGlobal
